
Microsoft Visual Studio Solution File, Format Version 12.00
# Visual Studio Version 17
VisualStudioVersion = 17.11.35327.3
MinimumVisualStudioVersion = 10.0.40219.1
Project("{FAE04EC0-301F-11D3-BF4B-00C04F79EFBC}") = "TP_POO_25453", "TP_POO_25453.csproj", "{21E4E55F-6DE6-4FC0-ACB1-6437871DDF40}"
EndProject
Global
	GlobalSection(SolutionConfigurationPlatforms) = preSolution
		Debug|Any CPU = Debug|Any CPU
		Release|Any CPU = Release|Any CPU
	EndGlobalSection
	GlobalSection(ProjectConfigurationPlatforms) = postSolution
		{21E4E55F-6DE6-4FC0-ACB1-6437871DDF40}.Debug|Any CPU.ActiveCfg = Debug|Any CPU
		{21E4E55F-6DE6-4FC0-ACB1-6437871DDF40}.Debug|Any CPU.Build.0 = Debug|Any CPU
		{21E4E55F-6DE6-4FC0-ACB1-6437871DDF40}.Release|Any CPU.ActiveCfg = Release|Any CPU
		{21E4E55F-6DE6-4FC0-ACB1-6437871DDF40}.Release|Any CPU.Build.0 = Release|Any CPU
	EndGlobalSection
	GlobalSection(SolutionProperties) = preSolution
		HideSolutionNode = FALSE
	EndGlobalSection
	GlobalSection(ExtensibilityGlobals) = postSolution
		SolutionGuid = {B5B195BF-C894-40C4-9161-ED2A7F83B100}
	EndGlobalSection
EndGlobal
